
Microsoft Visual Studio Solution File, Format Version 12.00
# Visual Studio 14
VisualStudioVersion = 14.0.25420.1
MinimumVisualStudioVersion = 10.0.40219.1
Project("{FAE04EC0-301F-11D3-BF4B-00C04F79EFBC}") = "NumberOfDiscIntersections", "NumberOfDiscIntersections\NumberOfDiscIntersections.csproj", "{30BF6C7B-8EA9-46BE-B8DE-F056FF545378}"
EndProject
Global
	GlobalSection(SolutionConfigurationPlatforms) = preSolution
		Debug|Any CPU = Debug|Any CPU
		Release|Any CPU = Release|Any CPU
	EndGlobalSection
	GlobalSection(ProjectConfigurationPlatforms) = postSolution
		{30BF6C7B-8EA9-46BE-B8DE-F056FF545378}.Debug|Any CPU.ActiveCfg = Debug|Any CPU
		{30BF6C7B-8EA9-46BE-B8DE-F056FF545378}.Debug|Any CPU.Build.0 = Debug|Any CPU
		{30BF6C7B-8EA9-46BE-B8DE-F056FF545378}.Release|Any CPU.ActiveCfg = Release|Any CPU
		{30BF6C7B-8EA9-46BE-B8DE-F056FF545378}.Release|Any CPU.Build.0 = Release|Any CPU
	EndGlobalSection
	GlobalSection(SolutionProperties) = preSolution
		HideSolutionNode = FALSE
	EndGlobalSection
EndGlobal
